
Microsoft Visual Studio Solution File, Format Version 10.00
# Visual Studio 2008
Project("{8BC9CEB8-8B4A-11D0-8D11-00A0C91BC942}") = "WinInet", "WinInet\WinInet.vcproj", "{2BE16FE6-C7DD-4CBE-A1A6-28D5E9F7DACB}"
EndProject
Global
	GlobalSection(SolutionConfigurationPlatforms) = preSolution
		Debug|Win32 = Debug|Win32
		Release|Win32 = Release|Win32
	EndGlobalSection
	GlobalSection(ProjectConfigurationPlatforms) = postSolution
		{2BE16FE6-C7DD-4CBE-A1A6-28D5E9F7DACB}.Debug|Win32.ActiveCfg = Debug|Win32
		{2BE16FE6-C7DD-4CBE-A1A6-28D5E9F7DACB}.Debug|Win32.Build.0 = Debug|Win32
		{2BE16FE6-C7DD-4CBE-A1A6-28D5E9F7DACB}.Release|Win32.ActiveCfg = Release|Win32
		{2BE16FE6-C7DD-4CBE-A1A6-28D5E9F7DACB}.Release|Win32.Build.0 = Release|Win32
	EndGlobalSection
	GlobalSection(SolutionProperties) = preSolution
		HideSolutionNode = FALSE
	EndGlobalSection
EndGlobal
